{
  "version": 4,
  "terraform_version": "0.13.5",
  "serial": 12,
  "lineage": "6f930a3e-9f57-2d73-bcae-fdc133aa7561",
  "outputs": {
    "tls_private_key": {
      "value": "-----BEGIN RSA PRIVATE KEY-----\nMIIJJwIBAAKCAgEAsZIIlac74FdMQcClXmYB2ojsQpl8rQdvgXHPfFkdqfbFLZKC\nUuifrzau2MatWnl9kU3TCpAy9P4IrDG79zIUhDVYLolfeDOK8odJ6pr+qCGlClo/\n90wGOGElZxVNQeNtcWm7I6FtI10JtH/W+rHb+N/IE1etRBQmXcz9ZN0dRS8A9mHx\n+TKaTz8h8Rp4f/uha13OSDT75UX90BA47t1yNqY5WwnEjG+Ie50M9zTXKcAz5Z8K\nMqgMPTFPLtdinUcoUJ2oHSLdT7JQtQb21kkinPuDc6lQ6k/vRCAJu6Zxod6Fa5Rt\n2k8SNnZ2XzNLOLZ+vrJHPLUg9vEBfXdAbcO8UWSc/0XFKMkdPe2CG0e6BG94CEco\nOTOY0+Z2xUEccsgkip6quWEoXE+1N3hDMBe5Y9djBKEweJ1XyXAo45WX3/164INR\nz6A/rHxbvuptf+x9OSs5+4xvp+E6C4bRbfDqs6sN2pHsfGOGa4MXtG2vPs3wW64a\nHgKMvQNYmyYPm02rI6rCnGffmFObXbFFTSnUzi/rrSB/mSrpA2mZeX06csUdXuRP\n8f4rOXep6lfcnERMkwZAtisndr2A19zNVN2NUxt6jlCd/vtMzn7UpbTNDBGs4Akx\neuZEav4jgu88vqb0RSdZNJUDqB/L7xjUFrvwXMgoFLHsgrdqHCjqxeKJs8UCAwEA\nAQKCAgB9So8oGSHUf4Rc+LM2Uj+IlQgvTeF8rTxuV4GROcgGfwpNx4yRN3ZEyQ7C\nAh2bMxH4jrMURv7NgtlXtpfsKbf0OTeJToDAbY3i5ravBMIem+65yUhNE6Vn7pPX\nkl462WAFoBbdYy+Avkr0wydLKGgPyMaBb2HgIV+Y2+UHYEUg5bOGJUH5FU1wERm/\n52+SzlftS/kbVddOxP376xZg5HuMN+lMZS378U6Z+gyF+RDAcs+re3ZUm+JW4w39\n/Rel5el6SGOwe0Mw0p7DvLA6Lsxve8AawiNH0TMAHKMBdsXC8yGs8MQ6P4SYTSnk\nrmqrD4mKwHwnR56E3zSv9I7PZEbg8f64+f8DmnUX1S43HWPX//1Do0dKpdbXEMsl\nYC6qWvIYj8AuSpG5SOryjA48JpUb7fslwimsRBMdS8oquxEWcBlq202zy3e5fLQS\nO+0IslK12cVIBXAPOdEwortBrw5JKnXh4Cx7BAfHY4+eHF/m0rW3Tgo5IoYSZDbZ\nIIgAl4ocyp0a4M2wKruiz8TDEgi9Pg7XHkZmjGPIw0XY3udYKdUjr55s94EjMle7\n/lzXoeN0gPJzYYjFbUWmjJGqZ2MCby1A6pXJL0ZAet6ks6/8c0ThkrfuDDfn4TYJ\n65VEiLoPAO7QDRJs6NdjPJUxAX1xGabh0Rt1PG7Swm+EiyCUmQKCAQEAyUvTkiGd\nLYyFB3LHD6DtJWEfYxrWMBvCRbzF9PWpNE8J2dWgOxus04RwwMYY/zrQWmDmriPv\nfc9Nfmcvz40HRuEUI+yvUVNmXplNepmnhOB4P299fvjACoFJ0l7X3axAagZOZWbi\nUPj0dNOHJHvcmF2fFnGGouhoMF3P8ZRZ559oUrCVqyTUuuVY4l60wyqJmXwt0tL+\n0G1LQ4i4rclOHtB16M9I972Hx8i0CEp8cvhRX0CPbD4amgMqmBEQZoBek12twpDc\n85YSMdK8kvZ7iZUkdphXeHzA/9tgMWU9qyDqURdtrnl/NDSZip2pOexPhGnH34ax\nGtaQsXrPmkl9ewKCAQEA4dObU9ekZrbDwkvkZz/H00RRnp/iHbXXjmaiQvjyEhOZ\nOmo329Ul8WCT7E9Ij8pOmiqcApNIIX8QsbT/41ci+ptgWTEGhpi3x+tZgoV76Ugu\n66m1dC5B4OI4MFLlNNN4MvvxKbrO5SFN2UTufuDsJKbjUwN8yP+HInLuPadwNt/Z\n1TKgKj3MSS47Zbp6pUpahGjY8t+3+m4jcYIIKpkbm7J3gq6pdRJ/66GUFKPW/ev/\no0OUQsT116x4CD8zo/watSJQJv+jID3n+XCAhTUK8ydDJ13otlM9TXLHjZrT3r8r\n9oAKnmEuibYdTEOpSz0/WWDl5+0TIFiZ16RcfGqvvwKCAQBBl3ayWEeqLu6uFaVt\nn0eG9ZXPqk/+zxzHspJilqXzCIoyNB0JBaSUK8S93A8LI7P+rzKbrdP9D861kJQQ\nsmibnP3+EsKx4lYqHxQTDfx7HNWx/fdLp2yUP7q5VPRMJDO9GJ71BchbEDQ/2Slh\nJwcjkuYi3w07CjXhBMCcfHWrNtM8lpO+d7rlx5Pl92w5aCP8Im2gE+a6LdLnh6Z9\n4mmVOuIg4WJqb5TN8cVQKk1Q/T8upY/Weooag0uez3ijndKzfEQBcUi+CrmVCJEv\n5ictFq8SAeQGu8f71xUKI24r1AbmM5cm0ioz7avWcjdRS4JBqGJboL0W/LGbU2RQ\nZv//AoIBADVoAOT8K6Iq+PLbVeHhIJXjI1ZbQ3N5TMgdl6Q1EbKatfMtqZYwu29x\nQqpxOZzf4GTvTMQDJtzdGwqb3qRaOCiCVG/je0KbnWMHUrzeaqaJ7qbHFOWsBuJz\nPYyYHiK3HEcadDdFOabQkIOgnLKe6NnmKf645Wr3m3LXMWadUZl4qSCVf3Fd+hEY\ngO2XA2hRxERqM1yE8hKkt3chpGLGoNPaig761ZKdVGlaZhXXhYG5rVRkKAz+XZGq\n9RwmLkVK2toZilEexepbGaBRLePS3osQrv4BZIax+t51FaJ0ikS0e2Ypc9lu7D2f\nNyCRI9lqW6/8jYKi+5H7wi5QbZry9CsCggEANSfx68NHQBYoc8qRt3mSTLh+fYQE\nEQiREn7azQrrXPI/o1UPYbCHkGlhrldhv9xOnIBvyWxu66KzQ8MMRx6/icit8AnY\nNOUC+xPr+8TqVwjIs5RZdJeZDomYU1s1V1TDZLtBltzougVOVlED/Svak73jJxB+\nKA8DRQlSfNU2+zdJxFKdaKgWw5zdG7djFKiptgpaSHum5yfFnqWFiWBFzeM9ei/j\nSL7oDe3r/w4dh1N2YD0VsSdK9YWKn2CaszdTomdRHePcxIY4t0WKb1OqEwpjqm5B\ny0+Yy/G2eeIUhycpVS94eZCoYU3qTJJ4QAUdIz8PinGvgijKbg2++IrPdw==\n-----END RSA PRIVATE KEY-----\n",
      "type": "string"
    }
  },
  "resources": [
    {
      "mode": "managed",
      "type": "azurerm_linux_virtual_machine",
      "name": "myterraformvm",
      "provider": "provider[\"registry.terraform.io/hashicorp/azurerm\"]",
      "instances": [
        {
          "schema_version": 0,
          "attributes": {
            "additional_capabilities": [],
            "admin_password": null,
            "admin_ssh_key": [
              {
                "public_key": "ssh-rsa AAAAB3NzaC1yc2EAAAADAQABAAACAQCxkgiVpzvgV0xBwKVeZgHaiOxCmXytB2+Bcc98WR2p9sUtkoJS6J+vNq7Yxq1aeX2RTdMKkDL0/gisMbv3MhSENVguiV94M4ryh0nqmv6oIaUKWj/3TAY4YSVnFU1B421xabsjoW0jXQm0f9b6sdv438gTV61EFCZdzP1k3R1FLwD2YfH5MppPPyHxGnh/+6FrXc5INPvlRf3QEDju3XI2pjlbCcSMb4h7nQz3NNcpwDPlnwoyqAw9MU8u12KdRyhQnagdIt1PslC1BvbWSSKc+4NzqVDqT+9EIAm7pnGh3oVrlG3aTxI2dnZfM0s4tn6+skc8tSD28QF9d0Btw7xRZJz/RcUoyR097YIbR7oEb3gIRyg5M5jT5nbFQRxyyCSKnqq5YShcT7U3eEMwF7lj12MEoTB4nVfJcCjjlZff/Xrgg1HPoD+sfFu+6m1/7H05Kzn7jG+n4ToLhtFt8Oqzqw3akex8Y4Zrgxe0ba8+zfBbrhoeAoy9A1ibJg+bTasjqsKcZ9+YU5tdsUVNKdTOL+utIH+ZKukDaZl5fTpyxR1e5E/x/is5d6nqV9ycREyTBkC2Kyd2vYDX3M1U3Y1TG3qOUJ3++0zOftSltM0MEazgCTF65kRq/iOC7zy+pvRFJ1k0lQOoH8vvGNQWu/BcyCgUseyCt2ocKOrF4omzxQ==\n",
                "username": "azureuser"
              }
            ],
            "admin_username": "azureuser",
            "allow_extension_operations": true,
            "availability_set_id": "",
            "boot_diagnostics": [
              {
                "storage_account_uri": "https://diagd756ae70fa55070d.blob.core.windows.net/"
              }
            ],
            "computer_name": "myvm",
            "custom_data": null,
            "dedicated_host_id": "",
            "disable_password_authentication": true,
            "encryption_at_host_enabled": false,
            "eviction_policy": "",
            "extensions_time_budget": "PT1H30M",
            "id": "/subscriptions/e40fb554-c275-43ed-895f-f427a4e3f02c/resourceGroups/myResourceGroup/providers/Microsoft.Compute/virtualMachines/myVM",
            "identity": [],
            "location": "eastus",
            "max_bid_price": -1,
            "name": "myVM",
            "network_interface_ids": [
              "/subscriptions/e40fb554-c275-43ed-895f-f427a4e3f02c/resourceGroups/myResourceGroup/providers/Microsoft.Network/networkInterfaces/myNIC"
            ],
            "os_disk": [
              {
                "caching": "ReadWrite",
                "diff_disk_settings": [],
                "disk_encryption_set_id": "",
                "disk_size_gb": 30,
                "name": "myOsDisk",
                "storage_account_type": "Premium_LRS",
                "write_accelerator_enabled": false
              }
            ],
            "plan": [],
            "priority": "Regular",
            "private_ip_address": "10.0.1.4",
            "private_ip_addresses": [
              "10.0.1.4"
            ],
            "provision_vm_agent": true,
            "proximity_placement_group_id": "",
            "public_ip_address": "137.117.65.199",
            "public_ip_addresses": [
              "137.117.65.199"
            ],
            "resource_group_name": "myResourceGroup",
            "secret": [],
            "size": "Standard_DS1_v2",
            "source_image_id": "",
            "source_image_reference": [
              {
                "offer": "UbuntuServer",
                "publisher": "Canonical",
                "sku": "18.04-LTS",
                "version": "latest"
              }
            ],
            "tags": {
              "environment": "Terraform Demo"
            },
            "timeouts": null,
            "virtual_machine_id": "7a51d51b-b049-45ae-8c1e-51f7370ad60e",
            "virtual_machine_scale_set_id": "",
            "zone": ""
          },
          "private": "eyJlMmJmYjczMC1lY2FhLTExZTYtOGY4OC0zNDM2M2JjN2M0YzAiOnsiY3JlYXRlIjoyNzAwMDAwMDAwMDAwLCJkZWxldGUiOjI3MDAwMDAwMDAwMDAsInJlYWQiOjMwMDAwMDAwMDAwMCwidXBkYXRlIjoyNzAwMDAwMDAwMDAwfX0=",
          "dependencies": [
            "azurerm_network_interface.myterraformnic",
            "azurerm_public_ip.myterraformpublicip",
            "azurerm_resource_group.myterraformgroup",
            "azurerm_storage_account.mystorageaccount",
            "azurerm_subnet.myterraformsubnet",
            "azurerm_virtual_network.myterraformnetwork",
            "random_id.randomId",
            "tls_private_key.example_ssh"
          ]
        }
      ]
    },
    {
      "mode": "managed",
      "type": "azurerm_network_interface",
      "name": "myterraformnic",
      "provider": "provider[\"registry.terraform.io/hashicorp/azurerm\"]",
      "instances": [
        {
          "schema_version": 0,
          "attributes": {
            "applied_dns_servers": [],
            "dns_servers": [],
            "enable_accelerated_networking": false,
            "enable_ip_forwarding": false,
            "id": "/subscriptions/e40fb554-c275-43ed-895f-f427a4e3f02c/resourceGroups/myResourceGroup/providers/Microsoft.Network/networkInterfaces/myNIC",
            "internal_dns_name_label": "",
            "internal_domain_name_suffix": "evtbmrbazmgurnsgczrt5xj5vb.bx.internal.cloudapp.net",
            "ip_configuration": [
              {
                "name": "myNicConfiguration",
                "primary": true,
                "private_ip_address": "10.0.1.4",
                "private_ip_address_allocation": "Dynamic",
                "private_ip_address_version": "IPv4",
                "public_ip_address_id": "/subscriptions/e40fb554-c275-43ed-895f-f427a4e3f02c/resourceGroups/myResourceGroup/providers/Microsoft.Network/publicIPAddresses/myPublicIP",
                "subnet_id": "/subscriptions/e40fb554-c275-43ed-895f-f427a4e3f02c/resourceGroups/myResourceGroup/providers/Microsoft.Network/virtualNetworks/myVnet/subnets/mySubnet"
              }
            ],
            "location": "eastus",
            "mac_address": "",
            "name": "myNIC",
            "private_ip_address": "10.0.1.4",
            "private_ip_addresses": [
              "10.0.1.4"
            ],
            "resource_group_name": "myResourceGroup",
            "tags": {
              "environment": "Terraform Demo"
            },
            "timeouts": null,
            "virtual_machine_id": ""
          },
          "private": "eyJlMmJmYjczMC1lY2FhLTExZTYtOGY4OC0zNDM2M2JjN2M0YzAiOnsiY3JlYXRlIjoxODAwMDAwMDAwMDAwLCJkZWxldGUiOjE4MDAwMDAwMDAwMDAsInJlYWQiOjMwMDAwMDAwMDAwMCwidXBkYXRlIjoxODAwMDAwMDAwMDAwfX0=",
          "dependencies": [
            "azurerm_public_ip.myterraformpublicip",
            "azurerm_resource_group.myterraformgroup",
            "azurerm_subnet.myterraformsubnet",
            "azurerm_virtual_network.myterraformnetwork"
          ]
        }
      ]
    },
    {
      "mode": "managed",
      "type": "azurerm_network_interface_security_group_association",
      "name": "example",
      "provider": "provider[\"registry.terraform.io/hashicorp/azurerm\"]",
      "instances": [
        {
          "schema_version": 0,
          "attributes": {
            "id": "/subscriptions/e40fb554-c275-43ed-895f-f427a4e3f02c/resourceGroups/myResourceGroup/providers/Microsoft.Network/networkInterfaces/myNIC|/subscriptions/e40fb554-c275-43ed-895f-f427a4e3f02c/resourceGroups/myResourceGroup/providers/Microsoft.Network/networkSecurityGroups/myNetworkSecurityGroup",
            "network_interface_id": "/subscriptions/e40fb554-c275-43ed-895f-f427a4e3f02c/resourceGroups/myResourceGroup/providers/Microsoft.Network/networkInterfaces/myNIC",
            "network_security_group_id": "/subscriptions/e40fb554-c275-43ed-895f-f427a4e3f02c/resourceGroups/myResourceGroup/providers/Microsoft.Network/networkSecurityGroups/myNetworkSecurityGroup",
            "timeouts": null
          },
          "private": "eyJlMmJmYjczMC1lY2FhLTExZTYtOGY4OC0zNDM2M2JjN2M0YzAiOnsiY3JlYXRlIjoxODAwMDAwMDAwMDAwLCJkZWxldGUiOjE4MDAwMDAwMDAwMDAsInJlYWQiOjMwMDAwMDAwMDAwMCwidXBkYXRlIjoxODAwMDAwMDAwMDAwfX0=",
          "dependencies": [
            "azurerm_network_interface.myterraformnic",
            "azurerm_network_security_group.myterraformnsg",
            "azurerm_public_ip.myterraformpublicip",
            "azurerm_resource_group.myterraformgroup",
            "azurerm_subnet.myterraformsubnet",
            "azurerm_virtual_network.myterraformnetwork"
          ]
        }
      ]
    },
    {
      "mode": "managed",
      "type": "azurerm_network_security_group",
      "name": "myterraformnsg",
      "provider": "provider[\"registry.terraform.io/hashicorp/azurerm\"]",
      "instances": [
        {
          "schema_version": 0,
          "attributes": {
            "id": "/subscriptions/e40fb554-c275-43ed-895f-f427a4e3f02c/resourceGroups/myResourceGroup/providers/Microsoft.Network/networkSecurityGroups/myNetworkSecurityGroup",
            "location": "eastus",
            "name": "myNetworkSecurityGroup",
            "resource_group_name": "myResourceGroup",
            "security_rule": [
              {
                "access": "Allow",
                "description": "",
                "destination_address_prefix": "*",
                "destination_address_prefixes": [],
                "destination_application_security_group_ids": [],
                "destination_port_range": "22",
                "destination_port_ranges": [],
                "direction": "Inbound",
                "name": "SSH",
                "priority": 1001,
                "protocol": "Tcp",
                "source_address_prefix": "*",
                "source_address_prefixes": [],
                "source_application_security_group_ids": [],
                "source_port_range": "*",
                "source_port_ranges": []
              }
            ],
            "tags": {
              "environment": "Terraform Demo"
            },
            "timeouts": null
          },
          "private": "eyJlMmJmYjczMC1lY2FhLTExZTYtOGY4OC0zNDM2M2JjN2M0YzAiOnsiY3JlYXRlIjoxODAwMDAwMDAwMDAwLCJkZWxldGUiOjE4MDAwMDAwMDAwMDAsInJlYWQiOjMwMDAwMDAwMDAwMCwidXBkYXRlIjoxODAwMDAwMDAwMDAwfX0=",
          "dependencies": [
            "azurerm_resource_group.myterraformgroup"
          ]
        }
      ]
    },
    {
      "mode": "managed",
      "type": "azurerm_public_ip",
      "name": "myterraformpublicip",
      "provider": "provider[\"registry.terraform.io/hashicorp/azurerm\"]",
      "instances": [
        {
          "schema_version": 0,
          "attributes": {
            "allocation_method": "Dynamic",
            "domain_name_label": null,
            "fqdn": null,
            "id": "/subscriptions/e40fb554-c275-43ed-895f-f427a4e3f02c/resourceGroups/myResourceGroup/providers/Microsoft.Network/publicIPAddresses/myPublicIP",
            "idle_timeout_in_minutes": 4,
            "ip_address": "",
            "ip_version": "IPv4",
            "location": "eastus",
            "name": "myPublicIP",
            "public_ip_prefix_id": null,
            "resource_group_name": "myResourceGroup",
            "reverse_fqdn": null,
            "sku": "Basic",
            "tags": {
              "environment": "Terraform Demo"
            },
            "timeouts": null,
            "zones": null
          },
          "private": "eyJlMmJmYjczMC1lY2FhLTExZTYtOGY4OC0zNDM2M2JjN2M0YzAiOnsiY3JlYXRlIjoxODAwMDAwMDAwMDAwLCJkZWxldGUiOjE4MDAwMDAwMDAwMDAsInJlYWQiOjMwMDAwMDAwMDAwMCwidXBkYXRlIjoxODAwMDAwMDAwMDAwfX0=",
          "dependencies": [
            "azurerm_resource_group.myterraformgroup"
          ]
        }
      ]
    },
    {
      "mode": "managed",
      "type": "azurerm_resource_group",
      "name": "myterraformgroup",
      "provider": "provider[\"registry.terraform.io/hashicorp/azurerm\"]",
      "instances": [
        {
          "schema_version": 0,
          "attributes": {
            "id": "/subscriptions/e40fb554-c275-43ed-895f-f427a4e3f02c/resourceGroups/myResourceGroup",
            "location": "eastus",
            "name": "myResourceGroup",
            "tags": {
              "environment": "Terraform Demo"
            },
            "timeouts": null
          },
          "private": "eyJlMmJmYjczMC1lY2FhLTExZTYtOGY4OC0zNDM2M2JjN2M0YzAiOnsiY3JlYXRlIjo1NDAwMDAwMDAwMDAwLCJkZWxldGUiOjU0MDAwMDAwMDAwMDAsInJlYWQiOjMwMDAwMDAwMDAwMCwidXBkYXRlIjo1NDAwMDAwMDAwMDAwfX0="
        }
      ]
    },
    {
      "mode": "managed",
      "type": "azurerm_storage_account",
      "name": "mystorageaccount",
      "provider": "provider[\"registry.terraform.io/hashicorp/azurerm\"]",
      "instances": [
        {
          "schema_version": 2,
          "attributes": {
            "access_tier": "Hot",
            "account_kind": "StorageV2",
            "account_replication_type": "LRS",
            "account_tier": "Standard",
            "allow_blob_public_access": false,
            "blob_properties": [],
            "custom_domain": [],
            "enable_https_traffic_only": true,
            "id": "/subscriptions/e40fb554-c275-43ed-895f-f427a4e3f02c/resourceGroups/myResourceGroup/providers/Microsoft.Storage/storageAccounts/diagd756ae70fa55070d",
            "identity": [],
            "is_hns_enabled": false,
            "large_file_share_enabled": null,
            "location": "eastus",
            "min_tls_version": "TLS1_0",
            "name": "diagd756ae70fa55070d",
            "network_rules": [
              {
                "bypass": [
                  "AzureServices"
                ],
                "default_action": "Allow",
                "ip_rules": [],
                "virtual_network_subnet_ids": []
              }
            ],
            "primary_access_key": "QA8HBcCbFR8goK9uhcpSBFvyJWBm/s2aKhCC50c2/PRqREZjkWhqO3JWPBKNebduCWcvUcp75+85gpjoH1+lsQ==",
            "primary_blob_connection_string": "DefaultEndpointsProtocol=https;BlobEndpoint=https://diagd756ae70fa55070d.blob.core.windows.net/;AccountName=diagd756ae70fa55070d;AccountKey=QA8HBcCbFR8goK9uhcpSBFvyJWBm/s2aKhCC50c2/PRqREZjkWhqO3JWPBKNebduCWcvUcp75+85gpjoH1+lsQ==",
            "primary_blob_endpoint": "https://diagd756ae70fa55070d.blob.core.windows.net/",
            "primary_blob_host": "diagd756ae70fa55070d.blob.core.windows.net",
            "primary_connection_string": "DefaultEndpointsProtocol=https;AccountName=diagd756ae70fa55070d;AccountKey=QA8HBcCbFR8goK9uhcpSBFvyJWBm/s2aKhCC50c2/PRqREZjkWhqO3JWPBKNebduCWcvUcp75+85gpjoH1+lsQ==;EndpointSuffix=core.windows.net",
            "primary_dfs_endpoint": "https://diagd756ae70fa55070d.dfs.core.windows.net/",
            "primary_dfs_host": "diagd756ae70fa55070d.dfs.core.windows.net",
            "primary_file_endpoint": "https://diagd756ae70fa55070d.file.core.windows.net/",
            "primary_file_host": "diagd756ae70fa55070d.file.core.windows.net",
            "primary_location": "eastus",
            "primary_queue_endpoint": "https://diagd756ae70fa55070d.queue.core.windows.net/",
            "primary_queue_host": "diagd756ae70fa55070d.queue.core.windows.net",
            "primary_table_endpoint": "https://diagd756ae70fa55070d.table.core.windows.net/",
            "primary_table_host": "diagd756ae70fa55070d.table.core.windows.net",
            "primary_web_endpoint": "https://diagd756ae70fa55070d.z13.web.core.windows.net/",
            "primary_web_host": "diagd756ae70fa55070d.z13.web.core.windows.net",
            "queue_properties": [
              {
                "cors_rule": [],
                "hour_metrics": [
                  {
                    "enabled": true,
                    "include_apis": true,
                    "retention_policy_days": 7,
                    "version": "1.0"
                  }
                ],
                "logging": [
                  {
                    "delete": false,
                    "read": false,
                    "retention_policy_days": 0,
                    "version": "1.0",
                    "write": false
                  }
                ],
                "minute_metrics": [
                  {
                    "enabled": false,
                    "include_apis": false,
                    "retention_policy_days": 0,
                    "version": "1.0"
                  }
                ]
              }
            ],
            "resource_group_name": "myResourceGroup",
            "secondary_access_key": "Rx+RyuS0YVGHxU/QJCdQqc7vgKCU+4PIbbFmn/bm3Br0stHYd6BilieJSc+O2q94Kq6tqUE1AZ2CpS4SI0/I1A==",
            "secondary_blob_connection_string": "",
            "secondary_blob_endpoint": null,
            "secondary_blob_host": null,
            "secondary_connection_string": "DefaultEndpointsProtocol=https;AccountName=diagd756ae70fa55070d;AccountKey=Rx+RyuS0YVGHxU/QJCdQqc7vgKCU+4PIbbFmn/bm3Br0stHYd6BilieJSc+O2q94Kq6tqUE1AZ2CpS4SI0/I1A==;EndpointSuffix=core.windows.net",
            "secondary_dfs_endpoint": null,
            "secondary_dfs_host": null,
            "secondary_file_endpoint": null,
            "secondary_file_host": null,
            "secondary_location": "",
            "secondary_queue_endpoint": null,
            "secondary_queue_host": null,
            "secondary_table_endpoint": null,
            "secondary_table_host": null,
            "secondary_web_endpoint": null,
            "secondary_web_host": null,
            "static_website": [],
            "tags": {
              "environment": "Terraform Demo"
            },
            "timeouts": null
          },
          "private": "eyJlMmJmYjczMC1lY2FhLTExZTYtOGY4OC0zNDM2M2JjN2M0YzAiOnsiY3JlYXRlIjozNjAwMDAwMDAwMDAwLCJkZWxldGUiOjM2MDAwMDAwMDAwMDAsInJlYWQiOjMwMDAwMDAwMDAwMCwidXBkYXRlIjozNjAwMDAwMDAwMDAwfSwic2NoZW1hX3ZlcnNpb24iOiIyIn0=",
          "dependencies": [
            "azurerm_resource_group.myterraformgroup",
            "random_id.randomId"
          ]
        }
      ]
    },
    {
      "mode": "managed",
      "type": "azurerm_subnet",
      "name": "myterraformsubnet",
      "provider": "provider[\"registry.terraform.io/hashicorp/azurerm\"]",
      "instances": [
        {
          "schema_version": 0,
          "attributes": {
            "address_prefix": "10.0.1.0/24",
            "address_prefixes": [
              "10.0.1.0/24"
            ],
            "delegation": [],
            "enforce_private_link_endpoint_network_policies": false,
            "enforce_private_link_service_network_policies": false,
            "id": "/subscriptions/e40fb554-c275-43ed-895f-f427a4e3f02c/resourceGroups/myResourceGroup/providers/Microsoft.Network/virtualNetworks/myVnet/subnets/mySubnet",
            "name": "mySubnet",
            "resource_group_name": "myResourceGroup",
            "service_endpoints": null,
            "timeouts": null,
            "virtual_network_name": "myVnet"
          },
          "private": "eyJlMmJmYjczMC1lY2FhLTExZTYtOGY4OC0zNDM2M2JjN2M0YzAiOnsiY3JlYXRlIjoxODAwMDAwMDAwMDAwLCJkZWxldGUiOjE4MDAwMDAwMDAwMDAsInJlYWQiOjMwMDAwMDAwMDAwMCwidXBkYXRlIjoxODAwMDAwMDAwMDAwfX0=",
          "dependencies": [
            "azurerm_resource_group.myterraformgroup",
            "azurerm_virtual_network.myterraformnetwork"
          ]
        }
      ]
    },
    {
      "mode": "managed",
      "type": "azurerm_virtual_network",
      "name": "myterraformnetwork",
      "provider": "provider[\"registry.terraform.io/hashicorp/azurerm\"]",
      "instances": [
        {
          "schema_version": 0,
          "attributes": {
            "address_space": [
              "10.0.0.0/16"
            ],
            "bgp_community": "",
            "ddos_protection_plan": [],
            "dns_servers": null,
            "guid": "44166625-cb20-480d-b646-16633fdd3fa9",
            "id": "/subscriptions/e40fb554-c275-43ed-895f-f427a4e3f02c/resourceGroups/myResourceGroup/providers/Microsoft.Network/virtualNetworks/myVnet",
            "location": "eastus",
            "name": "myVnet",
            "resource_group_name": "myResourceGroup",
            "subnet": [],
            "tags": {
              "environment": "Terraform Demo"
            },
            "timeouts": null,
            "vm_protection_enabled": false
          },
          "private": "eyJlMmJmYjczMC1lY2FhLTExZTYtOGY4OC0zNDM2M2JjN2M0YzAiOnsiY3JlYXRlIjoxODAwMDAwMDAwMDAwLCJkZWxldGUiOjE4MDAwMDAwMDAwMDAsInJlYWQiOjMwMDAwMDAwMDAwMCwidXBkYXRlIjoxODAwMDAwMDAwMDAwfX0=",
          "dependencies": [
            "azurerm_resource_group.myterraformgroup"
          ]
        }
      ]
    },
    {
      "mode": "managed",
      "type": "random_id",
      "name": "randomId",
      "provider": "provider[\"registry.terraform.io/hashicorp/random\"]",
      "instances": [
        {
          "schema_version": 0,
          "attributes": {
            "b64_std": "11aucPpVBw0=",
            "b64_url": "11aucPpVBw0",
            "byte_length": 8,
            "dec": "15516781366411069197",
            "hex": "d756ae70fa55070d",
            "id": "11aucPpVBw0",
            "keepers": {
              "resource_group": "myResourceGroup"
            },
            "prefix": null
          },
          "private": "bnVsbA==",
          "dependencies": [
            "azurerm_resource_group.myterraformgroup"
          ]
        }
      ]
    },
    {
      "mode": "managed",
      "type": "tls_private_key",
      "name": "example_ssh",
      "provider": "provider[\"registry.terraform.io/hashicorp/tls\"]",
      "instances": [
        {
          "schema_version": 0,
          "attributes": {
            "algorithm": "RSA",
            "ecdsa_curve": "P224",
            "id": "6e227441498a4e14eaf21e44124d36828c93d84e",
            "private_key_pem": "-----BEGIN RSA PRIVATE KEY-----\nMIIJJwIBAAKCAgEAsZIIlac74FdMQcClXmYB2ojsQpl8rQdvgXHPfFkdqfbFLZKC\nUuifrzau2MatWnl9kU3TCpAy9P4IrDG79zIUhDVYLolfeDOK8odJ6pr+qCGlClo/\n90wGOGElZxVNQeNtcWm7I6FtI10JtH/W+rHb+N/IE1etRBQmXcz9ZN0dRS8A9mHx\n+TKaTz8h8Rp4f/uha13OSDT75UX90BA47t1yNqY5WwnEjG+Ie50M9zTXKcAz5Z8K\nMqgMPTFPLtdinUcoUJ2oHSLdT7JQtQb21kkinPuDc6lQ6k/vRCAJu6Zxod6Fa5Rt\n2k8SNnZ2XzNLOLZ+vrJHPLUg9vEBfXdAbcO8UWSc/0XFKMkdPe2CG0e6BG94CEco\nOTOY0+Z2xUEccsgkip6quWEoXE+1N3hDMBe5Y9djBKEweJ1XyXAo45WX3/164INR\nz6A/rHxbvuptf+x9OSs5+4xvp+E6C4bRbfDqs6sN2pHsfGOGa4MXtG2vPs3wW64a\nHgKMvQNYmyYPm02rI6rCnGffmFObXbFFTSnUzi/rrSB/mSrpA2mZeX06csUdXuRP\n8f4rOXep6lfcnERMkwZAtisndr2A19zNVN2NUxt6jlCd/vtMzn7UpbTNDBGs4Akx\neuZEav4jgu88vqb0RSdZNJUDqB/L7xjUFrvwXMgoFLHsgrdqHCjqxeKJs8UCAwEA\nAQKCAgB9So8oGSHUf4Rc+LM2Uj+IlQgvTeF8rTxuV4GROcgGfwpNx4yRN3ZEyQ7C\nAh2bMxH4jrMURv7NgtlXtpfsKbf0OTeJToDAbY3i5ravBMIem+65yUhNE6Vn7pPX\nkl462WAFoBbdYy+Avkr0wydLKGgPyMaBb2HgIV+Y2+UHYEUg5bOGJUH5FU1wERm/\n52+SzlftS/kbVddOxP376xZg5HuMN+lMZS378U6Z+gyF+RDAcs+re3ZUm+JW4w39\n/Rel5el6SGOwe0Mw0p7DvLA6Lsxve8AawiNH0TMAHKMBdsXC8yGs8MQ6P4SYTSnk\nrmqrD4mKwHwnR56E3zSv9I7PZEbg8f64+f8DmnUX1S43HWPX//1Do0dKpdbXEMsl\nYC6qWvIYj8AuSpG5SOryjA48JpUb7fslwimsRBMdS8oquxEWcBlq202zy3e5fLQS\nO+0IslK12cVIBXAPOdEwortBrw5JKnXh4Cx7BAfHY4+eHF/m0rW3Tgo5IoYSZDbZ\nIIgAl4ocyp0a4M2wKruiz8TDEgi9Pg7XHkZmjGPIw0XY3udYKdUjr55s94EjMle7\n/lzXoeN0gPJzYYjFbUWmjJGqZ2MCby1A6pXJL0ZAet6ks6/8c0ThkrfuDDfn4TYJ\n65VEiLoPAO7QDRJs6NdjPJUxAX1xGabh0Rt1PG7Swm+EiyCUmQKCAQEAyUvTkiGd\nLYyFB3LHD6DtJWEfYxrWMBvCRbzF9PWpNE8J2dWgOxus04RwwMYY/zrQWmDmriPv\nfc9Nfmcvz40HRuEUI+yvUVNmXplNepmnhOB4P299fvjACoFJ0l7X3axAagZOZWbi\nUPj0dNOHJHvcmF2fFnGGouhoMF3P8ZRZ559oUrCVqyTUuuVY4l60wyqJmXwt0tL+\n0G1LQ4i4rclOHtB16M9I972Hx8i0CEp8cvhRX0CPbD4amgMqmBEQZoBek12twpDc\n85YSMdK8kvZ7iZUkdphXeHzA/9tgMWU9qyDqURdtrnl/NDSZip2pOexPhGnH34ax\nGtaQsXrPmkl9ewKCAQEA4dObU9ekZrbDwkvkZz/H00RRnp/iHbXXjmaiQvjyEhOZ\nOmo329Ul8WCT7E9Ij8pOmiqcApNIIX8QsbT/41ci+ptgWTEGhpi3x+tZgoV76Ugu\n66m1dC5B4OI4MFLlNNN4MvvxKbrO5SFN2UTufuDsJKbjUwN8yP+HInLuPadwNt/Z\n1TKgKj3MSS47Zbp6pUpahGjY8t+3+m4jcYIIKpkbm7J3gq6pdRJ/66GUFKPW/ev/\no0OUQsT116x4CD8zo/watSJQJv+jID3n+XCAhTUK8ydDJ13otlM9TXLHjZrT3r8r\n9oAKnmEuibYdTEOpSz0/WWDl5+0TIFiZ16RcfGqvvwKCAQBBl3ayWEeqLu6uFaVt\nn0eG9ZXPqk/+zxzHspJilqXzCIoyNB0JBaSUK8S93A8LI7P+rzKbrdP9D861kJQQ\nsmibnP3+EsKx4lYqHxQTDfx7HNWx/fdLp2yUP7q5VPRMJDO9GJ71BchbEDQ/2Slh\nJwcjkuYi3w07CjXhBMCcfHWrNtM8lpO+d7rlx5Pl92w5aCP8Im2gE+a6LdLnh6Z9\n4mmVOuIg4WJqb5TN8cVQKk1Q/T8upY/Weooag0uez3ijndKzfEQBcUi+CrmVCJEv\n5ictFq8SAeQGu8f71xUKI24r1AbmM5cm0ioz7avWcjdRS4JBqGJboL0W/LGbU2RQ\nZv//AoIBADVoAOT8K6Iq+PLbVeHhIJXjI1ZbQ3N5TMgdl6Q1EbKatfMtqZYwu29x\nQqpxOZzf4GTvTMQDJtzdGwqb3qRaOCiCVG/je0KbnWMHUrzeaqaJ7qbHFOWsBuJz\nPYyYHiK3HEcadDdFOabQkIOgnLKe6NnmKf645Wr3m3LXMWadUZl4qSCVf3Fd+hEY\ngO2XA2hRxERqM1yE8hKkt3chpGLGoNPaig761ZKdVGlaZhXXhYG5rVRkKAz+XZGq\n9RwmLkVK2toZilEexepbGaBRLePS3osQrv4BZIax+t51FaJ0ikS0e2Ypc9lu7D2f\nNyCRI9lqW6/8jYKi+5H7wi5QbZry9CsCggEANSfx68NHQBYoc8qRt3mSTLh+fYQE\nEQiREn7azQrrXPI/o1UPYbCHkGlhrldhv9xOnIBvyWxu66KzQ8MMRx6/icit8AnY\nNOUC+xPr+8TqVwjIs5RZdJeZDomYU1s1V1TDZLtBltzougVOVlED/Svak73jJxB+\nKA8DRQlSfNU2+zdJxFKdaKgWw5zdG7djFKiptgpaSHum5yfFnqWFiWBFzeM9ei/j\nSL7oDe3r/w4dh1N2YD0VsSdK9YWKn2CaszdTomdRHePcxIY4t0WKb1OqEwpjqm5B\ny0+Yy/G2eeIUhycpVS94eZCoYU3qTJJ4QAUdIz8PinGvgijKbg2++IrPdw==\n-----END RSA PRIVATE KEY-----\n",
            "public_key_fingerprint_md5": "7b:44:73:7c:0f:6b:4d:f2:a7:43:49:ca:a1:9a:ee:2b",
            "public_key_openssh": "ssh-rsa AAAAB3NzaC1yc2EAAAADAQABAAACAQCxkgiVpzvgV0xBwKVeZgHaiOxCmXytB2+Bcc98WR2p9sUtkoJS6J+vNq7Yxq1aeX2RTdMKkDL0/gisMbv3MhSENVguiV94M4ryh0nqmv6oIaUKWj/3TAY4YSVnFU1B421xabsjoW0jXQm0f9b6sdv438gTV61EFCZdzP1k3R1FLwD2YfH5MppPPyHxGnh/+6FrXc5INPvlRf3QEDju3XI2pjlbCcSMb4h7nQz3NNcpwDPlnwoyqAw9MU8u12KdRyhQnagdIt1PslC1BvbWSSKc+4NzqVDqT+9EIAm7pnGh3oVrlG3aTxI2dnZfM0s4tn6+skc8tSD28QF9d0Btw7xRZJz/RcUoyR097YIbR7oEb3gIRyg5M5jT5nbFQRxyyCSKnqq5YShcT7U3eEMwF7lj12MEoTB4nVfJcCjjlZff/Xrgg1HPoD+sfFu+6m1/7H05Kzn7jG+n4ToLhtFt8Oqzqw3akex8Y4Zrgxe0ba8+zfBbrhoeAoy9A1ibJg+bTasjqsKcZ9+YU5tdsUVNKdTOL+utIH+ZKukDaZl5fTpyxR1e5E/x/is5d6nqV9ycREyTBkC2Kyd2vYDX3M1U3Y1TG3qOUJ3++0zOftSltM0MEazgCTF65kRq/iOC7zy+pvRFJ1k0lQOoH8vvGNQWu/BcyCgUseyCt2ocKOrF4omzxQ==\n",
            "public_key_pem": "-----BEGIN PUBLIC KEY-----\nMIICIjANBgkqhkiG9w0BAQEFAAOCAg8AMIICCgKCAgEAsZIIlac74FdMQcClXmYB\n2ojsQpl8rQdvgXHPfFkdqfbFLZKCUuifrzau2MatWnl9kU3TCpAy9P4IrDG79zIU\nhDVYLolfeDOK8odJ6pr+qCGlClo/90wGOGElZxVNQeNtcWm7I6FtI10JtH/W+rHb\n+N/IE1etRBQmXcz9ZN0dRS8A9mHx+TKaTz8h8Rp4f/uha13OSDT75UX90BA47t1y\nNqY5WwnEjG+Ie50M9zTXKcAz5Z8KMqgMPTFPLtdinUcoUJ2oHSLdT7JQtQb21kki\nnPuDc6lQ6k/vRCAJu6Zxod6Fa5Rt2k8SNnZ2XzNLOLZ+vrJHPLUg9vEBfXdAbcO8\nUWSc/0XFKMkdPe2CG0e6BG94CEcoOTOY0+Z2xUEccsgkip6quWEoXE+1N3hDMBe5\nY9djBKEweJ1XyXAo45WX3/164INRz6A/rHxbvuptf+x9OSs5+4xvp+E6C4bRbfDq\ns6sN2pHsfGOGa4MXtG2vPs3wW64aHgKMvQNYmyYPm02rI6rCnGffmFObXbFFTSnU\nzi/rrSB/mSrpA2mZeX06csUdXuRP8f4rOXep6lfcnERMkwZAtisndr2A19zNVN2N\nUxt6jlCd/vtMzn7UpbTNDBGs4AkxeuZEav4jgu88vqb0RSdZNJUDqB/L7xjUFrvw\nXMgoFLHsgrdqHCjqxeKJs8UCAwEAAQ==\n-----END PUBLIC KEY-----\n",
            "rsa_bits": 4096
          },
          "private": "bnVsbA=="
        }
      ]
    }
  ]
}
